
Microsoft Visual Studio Solution File, Format Version 12.00
# Visual Studio Version 16
VisualStudioVersion = 16.0.30804.86
MinimumVisualStudioVersion = 10.0.40219.1
Project("{FAE04EC0-301F-11D3-BF4B-00C04F79EFBC}") = "ComicsAPI", "ComicsAPI\ComicsAPI.csproj", "{F55A05CF-1085-4C0E-9844-0C70012AAEA7}"
EndProject
Global
	GlobalSection(SolutionConfigurationPlatforms) = preSolution
		Debug|Any CPU = Debug|Any CPU
		Release|Any CPU = Release|Any CPU
	EndGlobalSection
	GlobalSection(ProjectConfigurationPlatforms) = postSolution
		{F55A05CF-1085-4C0E-9844-0C70012AAEA7}.Debug|Any CPU.ActiveCfg = Debug|Any CPU
		{F55A05CF-1085-4C0E-9844-0C70012AAEA7}.Debug|Any CPU.Build.0 = Debug|Any CPU
		{F55A05CF-1085-4C0E-9844-0C70012AAEA7}.Release|Any CPU.ActiveCfg = Release|Any CPU
		{F55A05CF-1085-4C0E-9844-0C70012AAEA7}.Release|Any CPU.Build.0 = Release|Any CPU
	EndGlobalSection
	GlobalSection(SolutionProperties) = preSolution
		HideSolutionNode = FALSE
	EndGlobalSection
	GlobalSection(ExtensibilityGlobals) = postSolution
		SolutionGuid = {6F1E92A1-4675-4DCB-A62C-810C0A3AA28E}
	EndGlobalSection
EndGlobal
